
Microsoft Visual Studio Solution File, Format Version 12.00
# Visual Studio Version 17
VisualStudioVersion = 17.10.35013.160
MinimumVisualStudioVersion = 10.0.40219.1
Project("{2150E333-8FDC-42A3-9474-1A3956D46DE8}") = "domain", "domain", "{C57F9F00-C7D6-4DFE-9E5F-E3456C976CBA}"
EndProject
Project("{2150E333-8FDC-42A3-9474-1A3956D46DE8}") = "main", "main", "{53AFA518-3532-4879-A5D1-7719843B1AA0}"
EndProject
Project("{2150E333-8FDC-42A3-9474-1A3956D46DE8}") = "data", "data", "{0E47EE11-B8CE-448E-9623-1990B56A7E46}"
EndProject
Project("{2150E333-8FDC-42A3-9474-1A3956D46DE8}") = "lib", "lib", "{749F535E-BFAA-489A-916F-A1F81B2C2C17}"
EndProject
Project("{2150E333-8FDC-42A3-9474-1A3956D46DE8}") = "core", "core", "{C090B084-3648-413D-9B43-84195C2A2979}"
EndProject
Project("{2150E333-8FDC-42A3-9474-1A3956D46DE8}") = "core", "core", "{963F537F-A4F1-49AE-AC0E-B390094407B7}"
EndProject
Project("{2150E333-8FDC-42A3-9474-1A3956D46DE8}") = "core", "core", "{63FD8305-786B-4ADA-8803-106E74D46D39}"
EndProject
Project("{2150E333-8FDC-42A3-9474-1A3956D46DE8}") = "mvvm", "mvvm", "{06AFA1F4-99B5-4CFC-94BA-8E9EEB320FB3}"
EndProject
Project("{2150E333-8FDC-42A3-9474-1A3956D46DE8}") = "mvc", "mvc", "{28F5BE37-A2DE-45AA-B9FC-6EE969B79976}"
EndProject
Project("{2150E333-8FDC-42A3-9474-1A3956D46DE8}") = "database", "database", "{75C42BEF-DEE6-4C9B-AC3A-5C94AD804CAA}"
EndProject
Project("{2150E333-8FDC-42A3-9474-1A3956D46DE8}") = "webapi", "webapi", "{DBD1E419-E9F9-4099-AAE9-AA5E57F65D8F}"
EndProject
Project("{2150E333-8FDC-42A3-9474-1A3956D46DE8}") = "core", "core", "{F53003F4-32C3-4E92-812F-F477A8F77FE8}"
EndProject
Project("{2150E333-8FDC-42A3-9474-1A3956D46DE8}") = "core", "core", "{76889008-F78E-44C7-8E02-453C253FA4E3}"
EndProject
Project("{2150E333-8FDC-42A3-9474-1A3956D46DE8}") = "app", "app", "{A78BB779-4974-47FC-9DA4-0282FED2A632}"
EndProject
Project("{2150E333-8FDC-42A3-9474-1A3956D46DE8}") = "src", "src", "{D2644DE1-EAB1-48CB-BCF2-EEEEEB9A2D2B}"
EndProject
Project("{2150E333-8FDC-42A3-9474-1A3956D46DE8}") = "test", "test", "{6944283B-C814-40C3-95A1-FC21BCFA4026}"
EndProject
Project("{9A19103F-16F7-4668-BE54-9A1E7A4F7556}") = "MyEdu.Data.Core", "app\src\data\core\MyEdu.Data.Core\MyEdu.Data.Core.csproj", "{20BEE924-20FA-4989-932D-5B8BB49571B8}"
EndProject
Project("{2150E333-8FDC-42A3-9474-1A3956D46DE8}") = "mysql", "mysql", "{B9DB5761-CE6A-427C-B9B7-4D7C075B0252}"
EndProject
Project("{9A19103F-16F7-4668-BE54-9A1E7A4F7556}") = "MyEdu.Data.MySql", "app\src\data\database\mysql\MyEdu.Data.MySql\MyEdu.Data.MySql.csproj", "{9074F689-CEA3-46BC-B449-24C14B6C932E}"
EndProject
Project("{9A19103F-16F7-4668-BE54-9A1E7A4F7556}") = "MyEdu.Data.WebApi", "app\src\data\webapi\MyEdu.Data.WebApi\MyEdu.Data.WebApi.csproj", "{070FF40D-1F00-4E8F-8995-400CAEFEFB81}"
EndProject
Project("{9A19103F-16F7-4668-BE54-9A1E7A4F7556}") = "MyEdu.Domain.Core", "app\src\domain\core\MyEdu.Domain.Core\MyEdu.Domain.Core.csproj", "{FC62B8F1-2156-4A87-BD45-7943B0F9B19D}"
EndProject
Project("{9A19103F-16F7-4668-BE54-9A1E7A4F7556}") = "MyEdu.Domain", "app\src\domain\MyEdu.Domain\MyEdu.Domain.csproj", "{6AC4CB82-E160-4B1D-AE84-2751038E4ABA}"
EndProject
Project("{9A19103F-16F7-4668-BE54-9A1E7A4F7556}") = "MyEdu.Lib", "app\src\lib\MyEdu.Lib\MyEdu.Lib.csproj", "{EEB08AAF-C58E-4DA7-995C-495194B04515}"
EndProject
Project("{9A19103F-16F7-4668-BE54-9A1E7A4F7556}") = "MyEdu.Main.Core", "app\src\main\core\MyEdu.Main.Core\MyEdu.Main.Core.csproj", "{487171C2-8BAD-4DB3-8C27-B61666F75705}"
EndProject
Project("{9A19103F-16F7-4668-BE54-9A1E7A4F7556}") = "MyEdu.Main.Mvc.Core", "app\src\main\mvc\core\MyEdu.Main.Mvc.Core\MyEdu.Main.Mvc.Core.csproj", "{725C5B65-C026-4197-9365-320D8672BF8A}"
EndProject
Project("{2150E333-8FDC-42A3-9474-1A3956D46DE8}") = "webapi", "webapi", "{C27F5BE1-705F-41C8-824D-B2FACAA06F19}"
EndProject
Project("{2150E333-8FDC-42A3-9474-1A3956D46DE8}") = "wpf", "wpf", "{15208822-4CDB-4B17-96C8-3FB32183D23E}"
EndProject
Project("{9A19103F-16F7-4668-BE54-9A1E7A4F7556}") = "MyEdu.Main.Mvc.WebApi", "app\src\main\mvc\webapi\MyEdu.Main.Mvc.WebApi\MyEdu.Main.Mvc.WebApi.csproj", "{CE077A99-45A8-4238-8AAA-265B09115501}"
EndProject
Project("{9A19103F-16F7-4668-BE54-9A1E7A4F7556}") = "MyEdu.Main.Mvvm.Core", "app\src\main\mvvm\core\MyEdu.Main.Mvvm.Core\MyEdu.Main.Mvvm.Core.csproj", "{9D588F9B-E300-4E1D-AF9E-04540624B104}"
EndProject
Project("{9A19103F-16F7-4668-BE54-9A1E7A4F7556}") = "MyEdu.Main.Mvvm.Wpf.Admin", "app\src\main\mvvm\wpf\MyEdu.Main.Mvvm.Wpf.Admin\MyEdu.Main.Mvvm.Wpf.Admin.csproj", "{CCDFCDFB-C68E-4A3B-A7DF-2867BB807A43}"
EndProject
Project("{2150E333-8FDC-42A3-9474-1A3956D46DE8}") = "application", "application", "{1719DDD0-D19D-4F9A-AE13-04BEAEDF9229}"
EndProject
Project("{2150E333-8FDC-42A3-9474-1A3956D46DE8}") = "core", "core", "{A2D204A2-9DF9-4475-B5CC-405BF367FBE3}"
EndProject
Project("{9A19103F-16F7-4668-BE54-9A1E7A4F7556}") = "MyEdu.Application.Core", "app\src\application\core\MyEdu.Application.Core\MyEdu.Application.Core.csproj", "{50E3621D-01C3-465F-8259-30D14E4552E1}"
EndProject
Project("{9A19103F-16F7-4668-BE54-9A1E7A4F7556}") = "MyEdu.Applcation", "app\src\application\MyEdu.Applcation\MyEdu.Applcation.csproj", "{9E375FE4-7EAC-4E48-960B-994D43B07F84}"
EndProject
Project("{2150E333-8FDC-42A3-9474-1A3956D46DE8}") = "domain", "domain", "{8BB0077B-3254-4317-B735-D535774D0712}"
EndProject
Project("{2150E333-8FDC-42A3-9474-1A3956D46DE8}") = "application", "application", "{9FA657F3-AED5-4B70-B70A-F76A69E0DE2B}"
EndProject
Project("{2150E333-8FDC-42A3-9474-1A3956D46DE8}") = "data", "data", "{BCA34EBA-5783-4146-8955-6CDFAA1EBA0F}"
EndProject
Project("{2150E333-8FDC-42A3-9474-1A3956D46DE8}") = "lib", "lib", "{CA273E22-EA17-4258-8689-0EAB9A3643F1}"
EndProject
Project("{2150E333-8FDC-42A3-9474-1A3956D46DE8}") = "main", "main", "{12005B8A-361D-4833-ADB2-400FF8DA9FF4}"
EndProject
Project("{2150E333-8FDC-42A3-9474-1A3956D46DE8}") = "database", "database", "{F7611B20-F45F-4A03-8841-36AB3B56E9C6}"
EndProject
Project("{2150E333-8FDC-42A3-9474-1A3956D46DE8}") = "mysql", "mysql", "{CDC71CFA-B80F-42EC-899E-BB38EF8ADB39}"
EndProject
Project("{2150E333-8FDC-42A3-9474-1A3956D46DE8}") = "webapi", "webapi", "{F0A10E6E-42FE-4DA0-A6FA-EBE91F217D83}"
EndProject
Project("{2150E333-8FDC-42A3-9474-1A3956D46DE8}") = "mvvm", "mvvm", "{5E29D56F-0DAF-4766-91EC-7000CBDBB9B4}"
EndProject
Project("{2150E333-8FDC-42A3-9474-1A3956D46DE8}") = "mvc", "mvc", "{71E6E553-A37E-45E1-B685-95BF02D83549}"
EndProject
Project("{2150E333-8FDC-42A3-9474-1A3956D46DE8}") = "webapi", "webapi", "{FC98B7EE-ABB4-427C-BC16-8F491961A4D0}"
EndProject
Project("{2150E333-8FDC-42A3-9474-1A3956D46DE8}") = "wpf", "wpf", "{E53F8DBE-AF17-46FA-9AAF-FD32E065E855}"
EndProject
Project("{2150E333-8FDC-42A3-9474-1A3956D46DE8}") = "core", "core", "{134A2E80-0155-4B31-BDF1-3CE74B4423C1}"
EndProject
Project("{9A19103F-16F7-4668-BE54-9A1E7A4F7556}") = "MyEdu.Domain.Core.Tests", "app\test\domain\core\MyEdu.Domain.Core.Tests\MyEdu.Domain.Core.Tests.csproj", "{902EEBAB-A137-4D88-AB6C-8FFB0ACF0CBD}"
EndProject
Project("{9A19103F-16F7-4668-BE54-9A1E7A4F7556}") = "MyEdu.Domain.Tests", "app\test\domain\MyEdu.Domain.Tests\MyEdu.Domain.Tests.csproj", "{407F38F7-8D6A-4575-8B1C-B035680D82AB}"
EndProject
Global
	GlobalSection(SolutionConfigurationPlatforms) = preSolution
		Debug|Any CPU = Debug|Any CPU
		Release|Any CPU = Release|Any CPU
	EndGlobalSection
	GlobalSection(ProjectConfigurationPlatforms) = postSolution
		{20BEE924-20FA-4989-932D-5B8BB49571B8}.Debug|Any CPU.ActiveCfg = Debug|Any CPU
		{20BEE924-20FA-4989-932D-5B8BB49571B8}.Debug|Any CPU.Build.0 = Debug|Any CPU
		{20BEE924-20FA-4989-932D-5B8BB49571B8}.Release|Any CPU.ActiveCfg = Release|Any CPU
		{20BEE924-20FA-4989-932D-5B8BB49571B8}.Release|Any CPU.Build.0 = Release|Any CPU
		{9074F689-CEA3-46BC-B449-24C14B6C932E}.Debug|Any CPU.ActiveCfg = Debug|Any CPU
		{9074F689-CEA3-46BC-B449-24C14B6C932E}.Debug|Any CPU.Build.0 = Debug|Any CPU
		{9074F689-CEA3-46BC-B449-24C14B6C932E}.Release|Any CPU.ActiveCfg = Release|Any CPU
		{9074F689-CEA3-46BC-B449-24C14B6C932E}.Release|Any CPU.Build.0 = Release|Any CPU
		{070FF40D-1F00-4E8F-8995-400CAEFEFB81}.Debug|Any CPU.ActiveCfg = Debug|Any CPU
		{070FF40D-1F00-4E8F-8995-400CAEFEFB81}.Debug|Any CPU.Build.0 = Debug|Any CPU
		{070FF40D-1F00-4E8F-8995-400CAEFEFB81}.Release|Any CPU.ActiveCfg = Release|Any CPU
		{070FF40D-1F00-4E8F-8995-400CAEFEFB81}.Release|Any CPU.Build.0 = Release|Any CPU
		{FC62B8F1-2156-4A87-BD45-7943B0F9B19D}.Debug|Any CPU.ActiveCfg = Debug|Any CPU
		{FC62B8F1-2156-4A87-BD45-7943B0F9B19D}.Debug|Any CPU.Build.0 = Debug|Any CPU
		{FC62B8F1-2156-4A87-BD45-7943B0F9B19D}.Release|Any CPU.ActiveCfg = Release|Any CPU
		{FC62B8F1-2156-4A87-BD45-7943B0F9B19D}.Release|Any CPU.Build.0 = Release|Any CPU
		{6AC4CB82-E160-4B1D-AE84-2751038E4ABA}.Debug|Any CPU.ActiveCfg = Debug|Any CPU
		{6AC4CB82-E160-4B1D-AE84-2751038E4ABA}.Debug|Any CPU.Build.0 = Debug|Any CPU
		{6AC4CB82-E160-4B1D-AE84-2751038E4ABA}.Release|Any CPU.ActiveCfg = Release|Any CPU
		{6AC4CB82-E160-4B1D-AE84-2751038E4ABA}.Release|Any CPU.Build.0 = Release|Any CPU
		{EEB08AAF-C58E-4DA7-995C-495194B04515}.Debug|Any CPU.ActiveCfg = Debug|Any CPU
		{EEB08AAF-C58E-4DA7-995C-495194B04515}.Debug|Any CPU.Build.0 = Debug|Any CPU
		{EEB08AAF-C58E-4DA7-995C-495194B04515}.Release|Any CPU.ActiveCfg = Release|Any CPU
		{EEB08AAF-C58E-4DA7-995C-495194B04515}.Release|Any CPU.Build.0 = Release|Any CPU
		{487171C2-8BAD-4DB3-8C27-B61666F75705}.Debug|Any CPU.ActiveCfg = Debug|Any CPU
		{487171C2-8BAD-4DB3-8C27-B61666F75705}.Debug|Any CPU.Build.0 = Debug|Any CPU
		{487171C2-8BAD-4DB3-8C27-B61666F75705}.Release|Any CPU.ActiveCfg = Release|Any CPU
		{487171C2-8BAD-4DB3-8C27-B61666F75705}.Release|Any CPU.Build.0 = Release|Any CPU
		{725C5B65-C026-4197-9365-320D8672BF8A}.Debug|Any CPU.ActiveCfg = Debug|Any CPU
		{725C5B65-C026-4197-9365-320D8672BF8A}.Debug|Any CPU.Build.0 = Debug|Any CPU
		{725C5B65-C026-4197-9365-320D8672BF8A}.Release|Any CPU.ActiveCfg = Release|Any CPU
		{725C5B65-C026-4197-9365-320D8672BF8A}.Release|Any CPU.Build.0 = Release|Any CPU
		{CE077A99-45A8-4238-8AAA-265B09115501}.Debug|Any CPU.ActiveCfg = Debug|Any CPU
		{CE077A99-45A8-4238-8AAA-265B09115501}.Debug|Any CPU.Build.0 = Debug|Any CPU
		{CE077A99-45A8-4238-8AAA-265B09115501}.Release|Any CPU.ActiveCfg = Release|Any CPU
		{CE077A99-45A8-4238-8AAA-265B09115501}.Release|Any CPU.Build.0 = Release|Any CPU
		{9D588F9B-E300-4E1D-AF9E-04540624B104}.Debug|Any CPU.ActiveCfg = Debug|Any CPU
		{9D588F9B-E300-4E1D-AF9E-04540624B104}.Debug|Any CPU.Build.0 = Debug|Any CPU
		{9D588F9B-E300-4E1D-AF9E-04540624B104}.Release|Any CPU.ActiveCfg = Release|Any CPU
		{9D588F9B-E300-4E1D-AF9E-04540624B104}.Release|Any CPU.Build.0 = Release|Any CPU
		{CCDFCDFB-C68E-4A3B-A7DF-2867BB807A43}.Debug|Any CPU.ActiveCfg = Debug|Any CPU
		{CCDFCDFB-C68E-4A3B-A7DF-2867BB807A43}.Debug|Any CPU.Build.0 = Debug|Any CPU
		{CCDFCDFB-C68E-4A3B-A7DF-2867BB807A43}.Release|Any CPU.ActiveCfg = Release|Any CPU
		{CCDFCDFB-C68E-4A3B-A7DF-2867BB807A43}.Release|Any CPU.Build.0 = Release|Any CPU
		{50E3621D-01C3-465F-8259-30D14E4552E1}.Debug|Any CPU.ActiveCfg = Debug|Any CPU
		{50E3621D-01C3-465F-8259-30D14E4552E1}.Debug|Any CPU.Build.0 = Debug|Any CPU
		{50E3621D-01C3-465F-8259-30D14E4552E1}.Release|Any CPU.ActiveCfg = Release|Any CPU
		{50E3621D-01C3-465F-8259-30D14E4552E1}.Release|Any CPU.Build.0 = Release|Any CPU
		{9E375FE4-7EAC-4E48-960B-994D43B07F84}.Debug|Any CPU.ActiveCfg = Debug|Any CPU
		{9E375FE4-7EAC-4E48-960B-994D43B07F84}.Debug|Any CPU.Build.0 = Debug|Any CPU
		{9E375FE4-7EAC-4E48-960B-994D43B07F84}.Release|Any CPU.ActiveCfg = Release|Any CPU
		{9E375FE4-7EAC-4E48-960B-994D43B07F84}.Release|Any CPU.Build.0 = Release|Any CPU
		{902EEBAB-A137-4D88-AB6C-8FFB0ACF0CBD}.Debug|Any CPU.ActiveCfg = Debug|Any CPU
		{902EEBAB-A137-4D88-AB6C-8FFB0ACF0CBD}.Debug|Any CPU.Build.0 = Debug|Any CPU
		{902EEBAB-A137-4D88-AB6C-8FFB0ACF0CBD}.Release|Any CPU.ActiveCfg = Release|Any CPU
		{902EEBAB-A137-4D88-AB6C-8FFB0ACF0CBD}.Release|Any CPU.Build.0 = Release|Any CPU
		{407F38F7-8D6A-4575-8B1C-B035680D82AB}.Debug|Any CPU.ActiveCfg = Debug|Any CPU
		{407F38F7-8D6A-4575-8B1C-B035680D82AB}.Debug|Any CPU.Build.0 = Debug|Any CPU
		{407F38F7-8D6A-4575-8B1C-B035680D82AB}.Release|Any CPU.ActiveCfg = Release|Any CPU
		{407F38F7-8D6A-4575-8B1C-B035680D82AB}.Release|Any CPU.Build.0 = Release|Any CPU
	EndGlobalSection
	GlobalSection(SolutionProperties) = preSolution
		HideSolutionNode = FALSE
	EndGlobalSection
	GlobalSection(NestedProjects) = preSolution
		{C57F9F00-C7D6-4DFE-9E5F-E3456C976CBA} = {D2644DE1-EAB1-48CB-BCF2-EEEEEB9A2D2B}
		{53AFA518-3532-4879-A5D1-7719843B1AA0} = {D2644DE1-EAB1-48CB-BCF2-EEEEEB9A2D2B}
		{0E47EE11-B8CE-448E-9623-1990B56A7E46} = {D2644DE1-EAB1-48CB-BCF2-EEEEEB9A2D2B}
		{749F535E-BFAA-489A-916F-A1F81B2C2C17} = {D2644DE1-EAB1-48CB-BCF2-EEEEEB9A2D2B}
		{C090B084-3648-413D-9B43-84195C2A2979} = {0E47EE11-B8CE-448E-9623-1990B56A7E46}
		{963F537F-A4F1-49AE-AC0E-B390094407B7} = {C57F9F00-C7D6-4DFE-9E5F-E3456C976CBA}
		{63FD8305-786B-4ADA-8803-106E74D46D39} = {53AFA518-3532-4879-A5D1-7719843B1AA0}
		{06AFA1F4-99B5-4CFC-94BA-8E9EEB320FB3} = {53AFA518-3532-4879-A5D1-7719843B1AA0}
		{28F5BE37-A2DE-45AA-B9FC-6EE969B79976} = {53AFA518-3532-4879-A5D1-7719843B1AA0}
		{75C42BEF-DEE6-4C9B-AC3A-5C94AD804CAA} = {0E47EE11-B8CE-448E-9623-1990B56A7E46}
		{DBD1E419-E9F9-4099-AAE9-AA5E57F65D8F} = {0E47EE11-B8CE-448E-9623-1990B56A7E46}
		{F53003F4-32C3-4E92-812F-F477A8F77FE8} = {28F5BE37-A2DE-45AA-B9FC-6EE969B79976}
		{76889008-F78E-44C7-8E02-453C253FA4E3} = {06AFA1F4-99B5-4CFC-94BA-8E9EEB320FB3}
		{D2644DE1-EAB1-48CB-BCF2-EEEEEB9A2D2B} = {A78BB779-4974-47FC-9DA4-0282FED2A632}
		{6944283B-C814-40C3-95A1-FC21BCFA4026} = {A78BB779-4974-47FC-9DA4-0282FED2A632}
		{20BEE924-20FA-4989-932D-5B8BB49571B8} = {C090B084-3648-413D-9B43-84195C2A2979}
		{B9DB5761-CE6A-427C-B9B7-4D7C075B0252} = {75C42BEF-DEE6-4C9B-AC3A-5C94AD804CAA}
		{9074F689-CEA3-46BC-B449-24C14B6C932E} = {B9DB5761-CE6A-427C-B9B7-4D7C075B0252}
		{070FF40D-1F00-4E8F-8995-400CAEFEFB81} = {DBD1E419-E9F9-4099-AAE9-AA5E57F65D8F}
		{FC62B8F1-2156-4A87-BD45-7943B0F9B19D} = {963F537F-A4F1-49AE-AC0E-B390094407B7}
		{6AC4CB82-E160-4B1D-AE84-2751038E4ABA} = {C57F9F00-C7D6-4DFE-9E5F-E3456C976CBA}
		{EEB08AAF-C58E-4DA7-995C-495194B04515} = {749F535E-BFAA-489A-916F-A1F81B2C2C17}
		{487171C2-8BAD-4DB3-8C27-B61666F75705} = {63FD8305-786B-4ADA-8803-106E74D46D39}
		{725C5B65-C026-4197-9365-320D8672BF8A} = {F53003F4-32C3-4E92-812F-F477A8F77FE8}
		{C27F5BE1-705F-41C8-824D-B2FACAA06F19} = {28F5BE37-A2DE-45AA-B9FC-6EE969B79976}
		{15208822-4CDB-4B17-96C8-3FB32183D23E} = {06AFA1F4-99B5-4CFC-94BA-8E9EEB320FB3}
		{CE077A99-45A8-4238-8AAA-265B09115501} = {C27F5BE1-705F-41C8-824D-B2FACAA06F19}
		{9D588F9B-E300-4E1D-AF9E-04540624B104} = {76889008-F78E-44C7-8E02-453C253FA4E3}
		{CCDFCDFB-C68E-4A3B-A7DF-2867BB807A43} = {15208822-4CDB-4B17-96C8-3FB32183D23E}
		{1719DDD0-D19D-4F9A-AE13-04BEAEDF9229} = {D2644DE1-EAB1-48CB-BCF2-EEEEEB9A2D2B}
		{A2D204A2-9DF9-4475-B5CC-405BF367FBE3} = {1719DDD0-D19D-4F9A-AE13-04BEAEDF9229}
		{50E3621D-01C3-465F-8259-30D14E4552E1} = {A2D204A2-9DF9-4475-B5CC-405BF367FBE3}
		{9E375FE4-7EAC-4E48-960B-994D43B07F84} = {1719DDD0-D19D-4F9A-AE13-04BEAEDF9229}
		{8BB0077B-3254-4317-B735-D535774D0712} = {6944283B-C814-40C3-95A1-FC21BCFA4026}
		{9FA657F3-AED5-4B70-B70A-F76A69E0DE2B} = {6944283B-C814-40C3-95A1-FC21BCFA4026}
		{BCA34EBA-5783-4146-8955-6CDFAA1EBA0F} = {6944283B-C814-40C3-95A1-FC21BCFA4026}
		{CA273E22-EA17-4258-8689-0EAB9A3643F1} = {6944283B-C814-40C3-95A1-FC21BCFA4026}
		{12005B8A-361D-4833-ADB2-400FF8DA9FF4} = {6944283B-C814-40C3-95A1-FC21BCFA4026}
		{F7611B20-F45F-4A03-8841-36AB3B56E9C6} = {BCA34EBA-5783-4146-8955-6CDFAA1EBA0F}
		{CDC71CFA-B80F-42EC-899E-BB38EF8ADB39} = {F7611B20-F45F-4A03-8841-36AB3B56E9C6}
		{F0A10E6E-42FE-4DA0-A6FA-EBE91F217D83} = {BCA34EBA-5783-4146-8955-6CDFAA1EBA0F}
		{5E29D56F-0DAF-4766-91EC-7000CBDBB9B4} = {12005B8A-361D-4833-ADB2-400FF8DA9FF4}
		{71E6E553-A37E-45E1-B685-95BF02D83549} = {12005B8A-361D-4833-ADB2-400FF8DA9FF4}
		{FC98B7EE-ABB4-427C-BC16-8F491961A4D0} = {71E6E553-A37E-45E1-B685-95BF02D83549}
		{E53F8DBE-AF17-46FA-9AAF-FD32E065E855} = {5E29D56F-0DAF-4766-91EC-7000CBDBB9B4}
		{134A2E80-0155-4B31-BDF1-3CE74B4423C1} = {8BB0077B-3254-4317-B735-D535774D0712}
		{902EEBAB-A137-4D88-AB6C-8FFB0ACF0CBD} = {134A2E80-0155-4B31-BDF1-3CE74B4423C1}
		{407F38F7-8D6A-4575-8B1C-B035680D82AB} = {8BB0077B-3254-4317-B735-D535774D0712}
	EndGlobalSection
	GlobalSection(ExtensibilityGlobals) = postSolution
		SolutionGuid = {A84735D7-C5C7-4EC7-86A6-8FCAC5F419E1}
	EndGlobalSection
EndGlobal
